{
  "originHash" : "2da7a51e1c472a460569a88bfaeb121e26e38e27c46dbcd890a498682f8c84d7",
  "pins" : [
    {
      "identity" : "swift-secp256k1",
      "kind" : "remoteSourceControl",
      "location" : "https://github.com/21-DOT-DEV/swift-secp256k1.git",
      "state" : {
        "revision" : "e70a10e036a55fffea31568f0af92d69b6d449cd",
        "version" : "0.23.2"
      }
    },
    {
      "identity" : "swiftzstd",
      "kind" : "remoteSourceControl",
      "location" : "https://github.com/aperedera/SwiftZSTD.git",
      "state" : {
        "revision" : "ab63273ff89c6ed2966967b7998038352d00f813",
        "version" : "1.0.1"
      }
    },
    {
      "identity" : "zipfoundation",
      "kind" : "remoteSourceControl",
      "location" : "https://github.com/weichsel/ZIPFoundation.git",
      "state" : {
        "revision" : "22787ffb59de99e5dc1fbfe80b19c97a904ad48d",
        "version" : "0.9.20"
      }
    }
  ],
  "version" : 3
}
